// !$*UTF8*$!
{
	archiveVersion = 1;
	classes = {
	};
	objectVersion = 77;
	objects = {

/* Begin PBXBuildFile section */
		C08ECF292EB781AE00288B3E /* CryptoCoinsAPIApp.swift in Sources */ = {isa = PBXBuildFile; fileRef = C08ECF282EB781AE00288B3E /* CryptoCoinsAPIApp.swift */; };
		C08ECF2B2EB781AE00288B3E /* ContentView.swift in Sources */ = {isa = PBXBuildFile; fileRef = C08ECF2A2EB781AE00288B3E /* ContentView.swift */; };
		C08ECF382EB782C700288B3E /* Coin.swift in Sources */ = {isa = PBXBuildFile; fileRef = C08ECF372EB782C700288B3E /* Coin.swift */; };
		C08ECF3A2EB78E5200288B3E /* ContentViewModel.swift in Sources */ = {isa = PBXBuildFile; fileRef = C08ECF392EB78E5200288B3E /* ContentViewModel.swift */; };
		C08ECF3C2EB792AA00288B3E /* CoinError.swift in Sources */ = {isa = PBXBuildFile; fileRef = C08ECF3B2EB792AA00288B3E /* CoinError.swift */; };
		C08ECF3E2EB7989800288B3E /* CoinRowView.swift in Sources */ = {isa = PBXBuildFile; fileRef = C08ECF3D2EB7989800288B3E /* CoinRowView.swift */; };
		C08ECF412EB79E1500288B3E /* Double.swift in Sources */ = {isa = PBXBuildFile; fileRef = C08ECF402EB79E1500288B3E /* Double.swift */; };
		C0EA12492EC85FA600BB4B0A /* CoinDataService.swift in Sources */ = {isa = PBXBuildFile; fileRef = C0EA12482EC85FA600BB4B0A /* CoinDataService.swift */; };
		C0EA124F2EC8BA5700BB4B0A /* CoinDetailsView.swift in Sources */ = {isa = PBXBuildFile; fileRef = C0EA124E2EC8BA5700BB4B0A /* CoinDetailsView.swift */; };
		C0EA12532EC8C52600BB4B0A /* CoinDetails.swift in Sources */ = {isa = PBXBuildFile; fileRef = C0EA12522EC8C52600BB4B0A /* CoinDetails.swift */; };
		C0EA12562EC8E10100BB4B0A /* CoinDetailsViewModel.swift in Sources */ = {isa = PBXBuildFile; fileRef = C0EA12552EC8E10100BB4B0A /* CoinDetailsViewModel.swift */; };
/* End PBXBuildFile section */

/* Begin PBXFileReference section */
		C08ECF252EB781AE00288B3E /* CryptoCoinsAPIApp.app */ = {isa = PBXFileReference; explicitFileType = wrapper.application; includeInIndex = 0; path = CryptoCoinsAPIApp.app; sourceTree = BUILT_PRODUCTS_DIR; };
		C08ECF282EB781AE00288B3E /* CryptoCoinsAPIApp.swift */ = {isa = PBXFileReference; lastKnownFileType = sourcecode.swift; path = CryptoCoinsAPIApp.swift; sourceTree = "<group>"; };
		C08ECF2A2EB781AE00288B3E /* ContentView.swift */ = {isa = PBXFileReference; lastKnownFileType = sourcecode.swift; path = ContentView.swift; sourceTree = "<group>"; };
		C08ECF372EB782C700288B3E /* Coin.swift */ = {isa = PBXFileReference; lastKnownFileType = sourcecode.swift; path = Coin.swift; sourceTree = "<group>"; };
		C08ECF392EB78E5200288B3E /* ContentViewModel.swift */ = {isa = PBXFileReference; lastKnownFileType = sourcecode.swift; path = ContentViewModel.swift; sourceTree = "<group>"; };
		C08ECF3B2EB792AA00288B3E /* CoinError.swift */ = {isa = PBXFileReference; lastKnownFileType = sourcecode.swift; path = CoinError.swift; sourceTree = "<group>"; };
		C08ECF3D2EB7989800288B3E /* CoinRowView.swift */ = {isa = PBXFileReference; lastKnownFileType = sourcecode.swift; path = CoinRowView.swift; sourceTree = "<group>"; };
		C08ECF402EB79E1500288B3E /* Double.swift */ = {isa = PBXFileReference; lastKnownFileType = sourcecode.swift; path = Double.swift; sourceTree = "<group>"; };
		C0EA12482EC85FA600BB4B0A /* CoinDataService.swift */ = {isa = PBXFileReference; lastKnownFileType = sourcecode.swift; path = CoinDataService.swift; sourceTree = "<group>"; };
		C0EA124E2EC8BA5700BB4B0A /* CoinDetailsView.swift */ = {isa = PBXFileReference; lastKnownFileType = sourcecode.swift; path = CoinDetailsView.swift; sourceTree = "<group>"; };
		C0EA12522EC8C52600BB4B0A /* CoinDetails.swift */ = {isa = PBXFileReference; lastKnownFileType = sourcecode.swift; path = CoinDetails.swift; sourceTree = "<group>"; };
		C0EA12552EC8E10100BB4B0A /* CoinDetailsViewModel.swift */ = {isa = PBXFileReference; lastKnownFileType = sourcecode.swift; path = CoinDetailsViewModel.swift; sourceTree = "<group>"; };
/* End PBXFileReference section */

/* Begin PBXFileSystemSynchronizedRootGroup section */
		C08ECF272EB781AE00288B3E /* CryptoCoinsAPIApp */ = {
			isa = PBXFileSystemSynchronizedRootGroup;
			path = CryptoCoinsAPIApp;
			sourceTree = "<group>";
		};
/* End PBXFileSystemSynchronizedRootGroup section */

/* Begin PBXFrameworksBuildPhase section */
		C08ECF222EB781AE00288B3E /* Frameworks */ = {
			isa = PBXFrameworksBuildPhase;
			buildActionMask = 2147483647;
			files = (
			);
			runOnlyForDeploymentPostprocessing = 0;
		};
/* End PBXFrameworksBuildPhase section */

/* Begin PBXGroup section */
		C08ECF1C2EB781AE00288B3E = {
			isa = PBXGroup;
			children = (
				C08ECF332EB781B800288B3E /* App */,
				C0EA124A2EC8A9AB00BB4B0A /* AllCoins */,
				C0EA124B2EC8A9F600BB4B0A /* DetailsCoin */,
				C08ECF3F2EB79DFF00288B3E /* Extensions */,
				C08ECF272EB781AE00288B3E /* CryptoCoinsAPIApp */,
				C08ECF262EB781AE00288B3E /* Products */,
			);
			sourceTree = "<group>";
		};
		C08ECF262EB781AE00288B3E /* Products */ = {
			isa = PBXGroup;
			children = (
				C08ECF252EB781AE00288B3E /* CryptoCoinsAPIApp.app */,
			);
			name = Products;
			sourceTree = "<group>";
		};
		C08ECF332EB781B800288B3E /* App */ = {
			isa = PBXGroup;
			children = (
				C08ECF282EB781AE00288B3E /* CryptoCoinsAPIApp.swift */,
			);
			path = App;
			sourceTree = "<group>";
		};
		C08ECF342EB7827A00288B3E /* ViewModel */ = {
			isa = PBXGroup;
			children = (
				C08ECF392EB78E5200288B3E /* ContentViewModel.swift */,
			);
			path = ViewModel;
			sourceTree = "<group>";
		};
		C08ECF352EB7828300288B3E /* Model */ = {
			isa = PBXGroup;
			children = (
				C08ECF372EB782C700288B3E /* Coin.swift */,
				C08ECF3B2EB792AA00288B3E /* CoinError.swift */,
			);
			path = Model;
			sourceTree = "<group>";
		};
		C08ECF362EB7828A00288B3E /* View */ = {
			isa = PBXGroup;
			children = (
				C08ECF2A2EB781AE00288B3E /* ContentView.swift */,
				C08ECF3D2EB7989800288B3E /* CoinRowView.swift */,
			);
			path = View;
			sourceTree = "<group>";
		};
		C08ECF3F2EB79DFF00288B3E /* Extensions */ = {
			isa = PBXGroup;
			children = (
				C08ECF402EB79E1500288B3E /* Double.swift */,
			);
			path = Extensions;
			sourceTree = "<group>";
		};
		C0EA12472EC85F7A00BB4B0A /* Services */ = {
			isa = PBXGroup;
			children = (
				C0EA12482EC85FA600BB4B0A /* CoinDataService.swift */,
			);
			path = Services;
			sourceTree = "<group>";
		};
		C0EA124A2EC8A9AB00BB4B0A /* AllCoins */ = {
			isa = PBXGroup;
			children = (
				C0EA12472EC85F7A00BB4B0A /* Services */,
				C08ECF362EB7828A00288B3E /* View */,
				C08ECF352EB7828300288B3E /* Model */,
				C08ECF342EB7827A00288B3E /* ViewModel */,
			);
			path = AllCoins;
			sourceTree = "<group>";
		};
		C0EA124B2EC8A9F600BB4B0A /* DetailsCoin */ = {
			isa = PBXGroup;
			children = (
				C0EA12542EC8E06600BB4B0A /* ViewModel */,
				C0EA12512EC8C50900BB4B0A /* Model */,
				C0EA12502EC8BA5C00BB4B0A /* View */,
			);
			path = DetailsCoin;
			sourceTree = "<group>";
		};
		C0EA12502EC8BA5C00BB4B0A /* View */ = {
			isa = PBXGroup;
			children = (
				C0EA124E2EC8BA5700BB4B0A /* CoinDetailsView.swift */,
			);
			path = View;
			sourceTree = "<group>";
		};
		C0EA12512EC8C50900BB4B0A /* Model */ = {
			isa = PBXGroup;
			children = (
				C0EA12522EC8C52600BB4B0A /* CoinDetails.swift */,
			);
			path = Model;
			sourceTree = "<group>";
		};
		C0EA12542EC8E06600BB4B0A /* ViewModel */ = {
			isa = PBXGroup;
			children = (
				C0EA12552EC8E10100BB4B0A /* CoinDetailsViewModel.swift */,
			);
			path = ViewModel;
			sourceTree = "<group>";
		};
/* End PBXGroup section */

/* Begin PBXNativeTarget section */
		C08ECF242EB781AE00288B3E /* CryptoCoinsAPIApp */ = {
			isa = PBXNativeTarget;
			buildConfigurationList = C08ECF302EB781AF00288B3E /* Build configuration list for PBXNativeTarget "CryptoCoinsAPIApp" */;
			buildPhases = (
				C08ECF212EB781AE00288B3E /* Sources */,
				C08ECF222EB781AE00288B3E /* Frameworks */,
				C08ECF232EB781AE00288B3E /* Resources */,
			);
			buildRules = (
			);
			dependencies = (
			);
			fileSystemSynchronizedGroups = (
				C08ECF272EB781AE00288B3E /* CryptoCoinsAPIApp */,
			);
			name = CryptoCoinsAPIApp;
			packageProductDependencies = (
			);
			productName = AsyncAwaitApi;
			productReference = C08ECF252EB781AE00288B3E /* CryptoCoinsAPIApp.app */;
			productType = "com.apple.product-type.application";
		};
/* End PBXNativeTarget section */

/* Begin PBXProject section */
		C08ECF1D2EB781AE00288B3E /* Project object */ = {
			isa = PBXProject;
			attributes = {
				BuildIndependentTargetsInParallel = 1;
				LastSwiftUpdateCheck = 1640;
				LastUpgradeCheck = 1640;
				TargetAttributes = {
					C08ECF242EB781AE00288B3E = {
						CreatedOnToolsVersion = 16.4;
					};
				};
			};
			buildConfigurationList = C08ECF202EB781AE00288B3E /* Build configuration list for PBXProject "CryptoCoinsAPIApp" */;
			developmentRegion = en;
			hasScannedForEncodings = 0;
			knownRegions = (
				en,
				Base,
			);
			mainGroup = C08ECF1C2EB781AE00288B3E;
			minimizedProjectReferenceProxies = 1;
			preferredProjectObjectVersion = 77;
			productRefGroup = C08ECF262EB781AE00288B3E /* Products */;
			projectDirPath = "";
			projectRoot = "";
			targets = (
				C08ECF242EB781AE00288B3E /* CryptoCoinsAPIApp */,
			);
		};
/* End PBXProject section */

/* Begin PBXResourcesBuildPhase section */
		C08ECF232EB781AE00288B3E /* Resources */ = {
			isa = PBXResourcesBuildPhase;
			buildActionMask = 2147483647;
			files = (
			);
			runOnlyForDeploymentPostprocessing = 0;
		};
/* End PBXResourcesBuildPhase section */

/* Begin PBXSourcesBuildPhase section */
		C08ECF212EB781AE00288B3E /* Sources */ = {
			isa = PBXSourcesBuildPhase;
			buildActionMask = 2147483647;
			files = (
				C08ECF3E2EB7989800288B3E /* CoinRowView.swift in Sources */,
				C0EA12492EC85FA600BB4B0A /* CoinDataService.swift in Sources */,
				C08ECF3C2EB792AA00288B3E /* CoinError.swift in Sources */,
				C08ECF3A2EB78E5200288B3E /* ContentViewModel.swift in Sources */,
				C08ECF382EB782C700288B3E /* Coin.swift in Sources */,
				C08ECF2B2EB781AE00288B3E /* ContentView.swift in Sources */,
				C0EA12562EC8E10100BB4B0A /* CoinDetailsViewModel.swift in Sources */,
				C08ECF292EB781AE00288B3E /* CryptoCoinsAPIApp.swift in Sources */,
				C0EA124F2EC8BA5700BB4B0A /* CoinDetailsView.swift in Sources */,
				C08ECF412EB79E1500288B3E /* Double.swift in Sources */,
				C0EA12532EC8C52600BB4B0A /* CoinDetails.swift in Sources */,
			);
			runOnlyForDeploymentPostprocessing = 0;
		};
/* End PBXSourcesBuildPhase section */

/* Begin XCBuildConfiguration section */
		C08ECF2E2EB781AF00288B3E /* Debug */ = {
			isa = XCBuildConfiguration;
			buildSettings = {
				ALWAYS_SEARCH_USER_PATHS = NO;
				ASSETCATALOG_COMPILER_GENERATE_SWIFT_ASSET_SYMBOL_EXTENSIONS = YES;
				CLANG_ANALYZER_NONNULL = YES;
				CLANG_ANALYZER_NUMBER_OBJECT_CONVERSION = YES_AGGRESSIVE;
				CLANG_CXX_LANGUAGE_STANDARD = "gnu++20";
				CLANG_ENABLE_MODULES = YES;
				CLANG_ENABLE_OBJC_ARC = YES;
				CLANG_ENABLE_OBJC_WEAK = YES;
				CLANG_WARN_BLOCK_CAPTURE_AUTORELEASING = YES;
				CLANG_WARN_BOOL_CONVERSION = YES;
				CLANG_WARN_COMMA = YES;
				CLANG_WARN_CONSTANT_CONVERSION = YES;
				CLANG_WARN_DEPRECATED_OBJC_IMPLEMENTATIONS = YES;
				CLANG_WARN_DIRECT_OBJC_ISA_USAGE = YES_ERROR;
				CLANG_WARN_DOCUMENTATION_COMMENTS = YES;
				CLANG_WARN_EMPTY_BODY = YES;
				CLANG_WARN_ENUM_CONVERSION = YES;
				CLANG_WARN_INFINITE_RECURSION = YES;
				CLANG_WARN_INT_CONVERSION = YES;
				CLANG_WARN_NON_LITERAL_NULL_CONVERSION = YES;
				CLANG_WARN_OBJC_IMPLICIT_RETAIN_SELF = YES;
				CLANG_WARN_OBJC_LITERAL_CONVERSION = YES;
				CLANG_WARN_OBJC_ROOT_CLASS = YES_ERROR;
				CLANG_WARN_QUOTED_INCLUDE_IN_FRAMEWORK_HEADER = YES;
				CLANG_WARN_RANGE_LOOP_ANALYSIS = YES;
				CLANG_WARN_STRICT_PROTOTYPES = YES;
				CLANG_WARN_SUSPICIOUS_MOVE = YES;
				CLANG_WARN_UNGUARDED_AVAILABILITY = YES_AGGRESSIVE;
				CLANG_WARN_UNREACHABLE_CODE = YES;
				CLANG_WARN__DUPLICATE_METHOD_MATCH = YES;
				COPY_PHASE_STRIP = NO;
				DEBUG_INFORMATION_FORMAT = dwarf;
				ENABLE_STRICT_OBJC_MSGSEND = YES;
				ENABLE_TESTABILITY = YES;
				ENABLE_USER_SCRIPT_SANDBOXING = YES;
				GCC_C_LANGUAGE_STANDARD = gnu17;
				GCC_DYNAMIC_NO_PIC = NO;
				GCC_NO_COMMON_BLOCKS = YES;
				GCC_OPTIMIZATION_LEVEL = 0;
				GCC_PREPROCESSOR_DEFINITIONS = (
					"DEBUG=1",
					"$(inherited)",
				);
				GCC_WARN_64_TO_32_BIT_CONVERSION = YES;
				GCC_WARN_ABOUT_RETURN_TYPE = YES_ERROR;
				GCC_WARN_UNDECLARED_SELECTOR = YES;
				GCC_WARN_UNINITIALIZED_AUTOS = YES_AGGRESSIVE;
				GCC_WARN_UNUSED_FUNCTION = YES;
				GCC_WARN_UNUSED_VARIABLE = YES;
				IPHONEOS_DEPLOYMENT_TARGET = 18.5;
				LOCALIZATION_PREFERS_STRING_CATALOGS = YES;
				MTL_ENABLE_DEBUG_INFO = INCLUDE_SOURCE;
				MTL_FAST_MATH = YES;
				ONLY_ACTIVE_ARCH = YES;
				SDKROOT = iphoneos;
				SWIFT_ACTIVE_COMPILATION_CONDITIONS = "DEBUG $(inherited)";
				SWIFT_OPTIMIZATION_LEVEL = "-Onone";
			};
			name = Debug;
		};
		C08ECF2F2EB781AF00288B3E /* Release */ = {
			isa = XCBuildConfiguration;
			buildSettings = {
				ALWAYS_SEARCH_USER_PATHS = NO;
				ASSETCATALOG_COMPILER_GENERATE_SWIFT_ASSET_SYMBOL_EXTENSIONS = YES;
				CLANG_ANALYZER_NONNULL = YES;
				CLANG_ANALYZER_NUMBER_OBJECT_CONVERSION = YES_AGGRESSIVE;
				CLANG_CXX_LANGUAGE_STANDARD = "gnu++20";
				CLANG_ENABLE_MODULES = YES;
				CLANG_ENABLE_OBJC_ARC = YES;
				CLANG_ENABLE_OBJC_WEAK = YES;
				CLANG_WARN_BLOCK_CAPTURE_AUTORELEASING = YES;
				CLANG_WARN_BOOL_CONVERSION = YES;
				CLANG_WARN_COMMA = YES;
				CLANG_WARN_CONSTANT_CONVERSION = YES;
				CLANG_WARN_DEPRECATED_OBJC_IMPLEMENTATIONS = YES;
				CLANG_WARN_DIRECT_OBJC_ISA_USAGE = YES_ERROR;
				CLANG_WARN_DOCUMENTATION_COMMENTS = YES;
				CLANG_WARN_EMPTY_BODY = YES;
				CLANG_WARN_ENUM_CONVERSION = YES;
				CLANG_WARN_INFINITE_RECURSION = YES;
				CLANG_WARN_INT_CONVERSION = YES;
				CLANG_WARN_NON_LITERAL_NULL_CONVERSION = YES;
				CLANG_WARN_OBJC_IMPLICIT_RETAIN_SELF = YES;
				CLANG_WARN_OBJC_LITERAL_CONVERSION = YES;
				CLANG_WARN_OBJC_ROOT_CLASS = YES_ERROR;
				CLANG_WARN_QUOTED_INCLUDE_IN_FRAMEWORK_HEADER = YES;
				CLANG_WARN_RANGE_LOOP_ANALYSIS = YES;
				CLANG_WARN_STRICT_PROTOTYPES = YES;
				CLANG_WARN_SUSPICIOUS_MOVE = YES;
				CLANG_WARN_UNGUARDED_AVAILABILITY = YES_AGGRESSIVE;
				CLANG_WARN_UNREACHABLE_CODE = YES;
				CLANG_WARN__DUPLICATE_METHOD_MATCH = YES;
				COPY_PHASE_STRIP = NO;
				DEBUG_INFORMATION_FORMAT = "dwarf-with-dsym";
				ENABLE_NS_ASSERTIONS = NO;
				ENABLE_STRICT_OBJC_MSGSEND = YES;
				ENABLE_USER_SCRIPT_SANDBOXING = YES;
				GCC_C_LANGUAGE_STANDARD = gnu17;
				GCC_NO_COMMON_BLOCKS = YES;
				GCC_WARN_64_TO_32_BIT_CONVERSION = YES;
				GCC_WARN_ABOUT_RETURN_TYPE = YES_ERROR;
				GCC_WARN_UNDECLARED_SELECTOR = YES;
				GCC_WARN_UNINITIALIZED_AUTOS = YES_AGGRESSIVE;
				GCC_WARN_UNUSED_FUNCTION = YES;
				GCC_WARN_UNUSED_VARIABLE = YES;
				IPHONEOS_DEPLOYMENT_TARGET = 18.5;
				LOCALIZATION_PREFERS_STRING_CATALOGS = YES;
				MTL_ENABLE_DEBUG_INFO = NO;
				MTL_FAST_MATH = YES;
				SDKROOT = iphoneos;
				SWIFT_COMPILATION_MODE = wholemodule;
				VALIDATE_PRODUCT = YES;
			};
			name = Release;
		};
		C08ECF312EB781AF00288B3E /* Debug */ = {
			isa = XCBuildConfiguration;
			buildSettings = {
				ASSETCATALOG_COMPILER_APPICON_NAME = AppIcon;
				ASSETCATALOG_COMPILER_GLOBAL_ACCENT_COLOR_NAME = AccentColor;
				CODE_SIGN_STYLE = Automatic;
				CURRENT_PROJECT_VERSION = 1;
				ENABLE_PREVIEWS = YES;
				GENERATE_INFOPLIST_FILE = YES;
				INFOPLIST_KEY_UIApplicationSceneManifest_Generation = YES;
				INFOPLIST_KEY_UIApplicationSupportsIndirectInputEvents = YES;
				INFOPLIST_KEY_UILaunchScreen_Generation = YES;
				INFOPLIST_KEY_UISupportedInterfaceOrientations_iPad = "UIInterfaceOrientationPortrait UIInterfaceOrientationPortraitUpsideDown UIInterfaceOrientationLandscapeLeft UIInterfaceOrientationLandscapeRight";
				INFOPLIST_KEY_UISupportedInterfaceOrientations_iPhone = "UIInterfaceOrientationPortrait UIInterfaceOrientationLandscapeLeft UIInterfaceOrientationLandscapeRight";
				LD_RUNPATH_SEARCH_PATHS = (
					"$(inherited)",
					"@executable_path/Frameworks",
				);
				MARKETING_VERSION = 1.0;
				PRODUCT_BUNDLE_IDENTIFIER = abc.AsyncAwaitApi;
				PRODUCT_NAME = "$(TARGET_NAME)";
				SWIFT_EMIT_LOC_STRINGS = YES;
				SWIFT_VERSION = 5.0;
				TARGETED_DEVICE_FAMILY = "1,2";
			};
			name = Debug;
		};
		C08ECF322EB781AF00288B3E /* Release */ = {
			isa = XCBuildConfiguration;
			buildSettings = {
				ASSETCATALOG_COMPILER_APPICON_NAME = AppIcon;
				ASSETCATALOG_COMPILER_GLOBAL_ACCENT_COLOR_NAME = AccentColor;
				CODE_SIGN_STYLE = Automatic;
				CURRENT_PROJECT_VERSION = 1;
				ENABLE_PREVIEWS = YES;
				GENERATE_INFOPLIST_FILE = YES;
				INFOPLIST_KEY_UIApplicationSceneManifest_Generation = YES;
				INFOPLIST_KEY_UIApplicationSupportsIndirectInputEvents = YES;
				INFOPLIST_KEY_UILaunchScreen_Generation = YES;
				INFOPLIST_KEY_UISupportedInterfaceOrientations_iPad = "UIInterfaceOrientationPortrait UIInterfaceOrientationPortraitUpsideDown UIInterfaceOrientationLandscapeLeft UIInterfaceOrientationLandscapeRight";
				INFOPLIST_KEY_UISupportedInterfaceOrientations_iPhone = "UIInterfaceOrientationPortrait UIInterfaceOrientationLandscapeLeft UIInterfaceOrientationLandscapeRight";
				LD_RUNPATH_SEARCH_PATHS = (
					"$(inherited)",
					"@executable_path/Frameworks",
				);
				MARKETING_VERSION = 1.0;
				PRODUCT_BUNDLE_IDENTIFIER = abc.AsyncAwaitApi;
				PRODUCT_NAME = "$(TARGET_NAME)";
				SWIFT_EMIT_LOC_STRINGS = YES;
				SWIFT_VERSION = 5.0;
				TARGETED_DEVICE_FAMILY = "1,2";
			};
			name = Release;
		};
/* End XCBuildConfiguration section */

/* Begin XCConfigurationList section */
		C08ECF202EB781AE00288B3E /* Build configuration list for PBXProject "CryptoCoinsAPIApp" */ = {
			isa = XCConfigurationList;
			buildConfigurations = (
				C08ECF2E2EB781AF00288B3E /* Debug */,
				C08ECF2F2EB781AF00288B3E /* Release */,
			);
			defaultConfigurationIsVisible = 0;
			defaultConfigurationName = Release;
		};
		C08ECF302EB781AF00288B3E /* Build configuration list for PBXNativeTarget "CryptoCoinsAPIApp" */ = {
			isa = XCConfigurationList;
			buildConfigurations = (
				C08ECF312EB781AF00288B3E /* Debug */,
				C08ECF322EB781AF00288B3E /* Release */,
			);
			defaultConfigurationIsVisible = 0;
			defaultConfigurationName = Release;
		};
/* End XCConfigurationList section */
	};
	rootObject = C08ECF1D2EB781AE00288B3E /* Project object */;
}
